
Microsoft Visual Studio Solution File, Format Version 12.00
# Visual Studio 14
VisualStudioVersion = 14.0.25420.1
MinimumVisualStudioVersion = 10.0.40219.1
Project("{FAE04EC0-301F-11D3-BF4B-00C04F79EFBC}") = "comp_vision", "comp_vision\comp_vision.csproj", "{8D00FE2B-4D97-4148-8AC5-DD844E365962}"
EndProject
Project("{FAE04EC0-301F-11D3-BF4B-00C04F79EFBC}") = "Image Converter", "..\image_converter\Image Converter\Image Converter.csproj", "{145FBBE7-C89E-49C4-8387-05FE57B535A1}"
EndProject
Global
	GlobalSection(SolutionConfigurationPlatforms) = preSolution
		Debug|Any CPU = Debug|Any CPU
		Release|Any CPU = Release|Any CPU
	EndGlobalSection
	GlobalSection(ProjectConfigurationPlatforms) = postSolution
		{8D00FE2B-4D97-4148-8AC5-DD844E365962}.Debug|Any CPU.ActiveCfg = Debug|Any CPU
		{8D00FE2B-4D97-4148-8AC5-DD844E365962}.Debug|Any CPU.Build.0 = Debug|Any CPU
		{8D00FE2B-4D97-4148-8AC5-DD844E365962}.Release|Any CPU.ActiveCfg = Release|Any CPU
		{8D00FE2B-4D97-4148-8AC5-DD844E365962}.Release|Any CPU.Build.0 = Release|Any CPU
		{145FBBE7-C89E-49C4-8387-05FE57B535A1}.Debug|Any CPU.ActiveCfg = Debug|Any CPU
		{145FBBE7-C89E-49C4-8387-05FE57B535A1}.Debug|Any CPU.Build.0 = Debug|Any CPU
		{145FBBE7-C89E-49C4-8387-05FE57B535A1}.Release|Any CPU.ActiveCfg = Release|Any CPU
		{145FBBE7-C89E-49C4-8387-05FE57B535A1}.Release|Any CPU.Build.0 = Release|Any CPU
	EndGlobalSection
	GlobalSection(SolutionProperties) = preSolution
		HideSolutionNode = FALSE
	EndGlobalSection
EndGlobal
